
Microsoft Visual Studio Solution File, Format Version 12.00
# Visual Studio 2013
VisualStudioVersion = 12.0.21005.1
MinimumVisualStudioVersion = 10.0.40219.1
Project("{8BC9CEB8-8B4A-11D0-8D11-00A0C91BC942}") = "補講", "補講\補講.vcxproj", "{82DD9F66-8007-4438-9414-9EACBA36B038}"
EndProject
Global
	GlobalSection(SolutionConfigurationPlatforms) = preSolution
		Debug|Win32 = Debug|Win32
		Release|Win32 = Release|Win32
	EndGlobalSection
	GlobalSection(ProjectConfigurationPlatforms) = postSolution
		{82DD9F66-8007-4438-9414-9EACBA36B038}.Debug|Win32.ActiveCfg = Debug|Win32
		{82DD9F66-8007-4438-9414-9EACBA36B038}.Debug|Win32.Build.0 = Debug|Win32
		{82DD9F66-8007-4438-9414-9EACBA36B038}.Release|Win32.ActiveCfg = Release|Win32
		{82DD9F66-8007-4438-9414-9EACBA36B038}.Release|Win32.Build.0 = Release|Win32
	EndGlobalSection
	GlobalSection(SolutionProperties) = preSolution
		HideSolutionNode = FALSE
	EndGlobalSection
EndGlobal
