
Microsoft Visual Studio Solution File, Format Version 12.00
# Visual Studio 2013
VisualStudioVersion = 12.0.21005.1
MinimumVisualStudioVersion = 10.0.40219.1
Project("{8BC9CEB8-8B4A-11D0-8D11-00A0C91BC942}") = "スイッチ文", "スイッチ文\スイッチ文.vcxproj", "{AE44409C-E9F9-46E5-8D33-C9D8BE9F6743}"
EndProject
Global
	GlobalSection(SolutionConfigurationPlatforms) = preSolution
		Debug|Win32 = Debug|Win32
		Release|Win32 = Release|Win32
	EndGlobalSection
	GlobalSection(ProjectConfigurationPlatforms) = postSolution
		{AE44409C-E9F9-46E5-8D33-C9D8BE9F6743}.Debug|Win32.ActiveCfg = Debug|Win32
		{AE44409C-E9F9-46E5-8D33-C9D8BE9F6743}.Debug|Win32.Build.0 = Debug|Win32
		{AE44409C-E9F9-46E5-8D33-C9D8BE9F6743}.Release|Win32.ActiveCfg = Release|Win32
		{AE44409C-E9F9-46E5-8D33-C9D8BE9F6743}.Release|Win32.Build.0 = Release|Win32
	EndGlobalSection
	GlobalSection(SolutionProperties) = preSolution
		HideSolutionNode = FALSE
	EndGlobalSection
EndGlobal
